PODS:
  - ObjectDecoder (0.1.1)
  - SwiftLint (0.29.3)

DEPENDENCIES:
  - ObjectDecoder (from `../`)
  - SwiftLint

SPEC REPOS:
  https://github.com/cocoapods/specs.git:
    - SwiftLint

EXTERNAL SOURCES:
  ObjectDecoder:
    :path: "../"

SPEC CHECKSUMS:
  ObjectDecoder: 08edd19096eefe2de0ef4ea89c44316444907973
  SwiftLint: bfa7ca7b4d170cfaf0d236ca3ffd969e88a2f002

PODFILE CHECKSUM: 0721bfff6f901e703c99546f2e2709f8408d1244

COCOAPODS: 1.5.3
